
Microsoft Visual Studio Solution File, Format Version 12.00
# Visual Studio 14
VisualStudioVersion = 14.0.25420.1
MinimumVisualStudioVersion = 10.0.40219.1
Project("{FAE04EC0-301F-11D3-BF4B-00C04F79EFBC}") = "aiv-fast2d-utils-texturehelper", "aiv-fast2d-utils-texturehelper.csproj", "{A6E8FD7C-94B6-4013-A3F6-D3DDC474E717}"
EndProject
Project("{FAE04EC0-301F-11D3-BF4B-00C04F79EFBC}") = "aiv-fast2d-utils-texturehelper-example", "..\aiv-fast2d-utils-texturehelper-example\aiv-fast2d-utils-texturehelper-example.csproj", "{A81F51E3-ACE7-4B33-8BCF-0A3BC45F3D29}"
EndProject
Global
	GlobalSection(SolutionConfigurationPlatforms) = preSolution
		Debug|Any CPU = Debug|Any CPU
		Release|Any CPU = Release|Any CPU
	EndGlobalSection
	GlobalSection(ProjectConfigurationPlatforms) = postSolution
		{A6E8FD7C-94B6-4013-A3F6-D3DDC474E717}.Debug|Any CPU.ActiveCfg = Debug|Any CPU
		{A6E8FD7C-94B6-4013-A3F6-D3DDC474E717}.Debug|Any CPU.Build.0 = Debug|Any CPU
		{A6E8FD7C-94B6-4013-A3F6-D3DDC474E717}.Release|Any CPU.ActiveCfg = Release|Any CPU
		{A6E8FD7C-94B6-4013-A3F6-D3DDC474E717}.Release|Any CPU.Build.0 = Release|Any CPU
		{A81F51E3-ACE7-4B33-8BCF-0A3BC45F3D29}.Debug|Any CPU.ActiveCfg = Debug|Any CPU
		{A81F51E3-ACE7-4B33-8BCF-0A3BC45F3D29}.Debug|Any CPU.Build.0 = Debug|Any CPU
		{A81F51E3-ACE7-4B33-8BCF-0A3BC45F3D29}.Release|Any CPU.ActiveCfg = Release|Any CPU
		{A81F51E3-ACE7-4B33-8BCF-0A3BC45F3D29}.Release|Any CPU.Build.0 = Release|Any CPU
	EndGlobalSection
	GlobalSection(SolutionProperties) = preSolution
		HideSolutionNode = FALSE
	EndGlobalSection
EndGlobal
