
Microsoft Visual Studio Solution File, Format Version 12.00
# Visual Studio 15
VisualStudioVersion = 15.0.26228.9
MinimumVisualStudioVersion = 10.0.40219.1
Project("{FAE04EC0-301F-11D3-BF4B-00C04F79EFBC}") = "aiv-fast2d-utils-texturehelper", "aiv-fast2d-utils-texturehelper\aiv-fast2d-utils-texturehelper.csproj", "{F11207B7-6E51-439C-A232-27F89FB5BD64}"
EndProject
Project("{FAE04EC0-301F-11D3-BF4B-00C04F79EFBC}") = "aiv-fast2d-utils-texturehelper-example", "aiv-fast2d-utils-texturehelper-example\aiv-fast2d-utils-texturehelper-example.csproj", "{51614535-B07D-4087-BE7E-A6DF2DB1F07D}"
EndProject
Global
	GlobalSection(SolutionConfigurationPlatforms) = preSolution
		Debug|Any CPU = Debug|Any CPU
		Release|Any CPU = Release|Any CPU
	EndGlobalSection
	GlobalSection(ProjectConfigurationPlatforms) = postSolution
		{F11207B7-6E51-439C-A232-27F89FB5BD64}.Debug|Any CPU.ActiveCfg = Debug|Any CPU
		{F11207B7-6E51-439C-A232-27F89FB5BD64}.Debug|Any CPU.Build.0 = Debug|Any CPU
		{F11207B7-6E51-439C-A232-27F89FB5BD64}.Release|Any CPU.ActiveCfg = Release|Any CPU
		{F11207B7-6E51-439C-A232-27F89FB5BD64}.Release|Any CPU.Build.0 = Release|Any CPU
		{51614535-B07D-4087-BE7E-A6DF2DB1F07D}.Debug|Any CPU.ActiveCfg = Debug|Any CPU
		{51614535-B07D-4087-BE7E-A6DF2DB1F07D}.Debug|Any CPU.Build.0 = Debug|Any CPU
		{51614535-B07D-4087-BE7E-A6DF2DB1F07D}.Release|Any CPU.ActiveCfg = Release|Any CPU
		{51614535-B07D-4087-BE7E-A6DF2DB1F07D}.Release|Any CPU.Build.0 = Release|Any CPU
	EndGlobalSection
	GlobalSection(SolutionProperties) = preSolution
		HideSolutionNode = FALSE
	EndGlobalSection
EndGlobal
